<?xml version="1.0" encoding="utf-8"?>
<Project ToolsVersion="4.0" xmlns="http://schemas.microsoft.com/developer/msbuild/2003">
  <ItemGroup>
    <ClCompile Include="CombatManager.cpp">
      <Filter>Sourse Files</Filter>
    </ClCompile>
    <ClCompile Include="FieldManager.cpp">
      <Filter>Sourse Files</Filter>
    </ClCompile>
    <ClCompile Include="GameModeManager.cpp">
      <Filter>Sourse Files</Filter>
    </ClCompile>
    <ClCompile Include="PlayerProfile.cpp">
      <Filter>Sourse Files</Filter>
    </ClCompile>
    <ClCompile Include="MoveRecord.cpp">
      <Filter>Sourse Files</Filter>
    </ClCompile>
    <ClCompile Include="main.cpp">
      <Filter>Sourse Files</Filter>
    </ClCompile>
    <ClCompile Include="ship.cpp">
      <Filter>Sourse Files</Filter>
    </ClCompile>
    <ClCompile Include="StoreManager.cpp">
      <Filter>Sourse Files</Filter>
    </ClCompile>
  </ItemGroup>
  <ItemGroup>
    <ClInclude Include="GameModeManager.h">
      <Filter>Header Files</Filter>
    </ClInclude>
    <ClInclude Include="CombatManager.h">
      <Filter>Header Files</Filter>
    </ClInclude>
    <ClInclude Include="FieldManager.h">
      <Filter>Header Files</Filter>
    </ClInclude>
    <ClInclude Include="MoveRecord.h">
      <Filter>Header Files</Filter>
    </ClInclude>
    <ClInclude Include="ship.h">
      <Filter>Header Files</Filter>
    </ClInclude>
    <ClInclude Include="PlayerProfile.h">
      <Filter>Header Files</Filter>
    </ClInclude>
    <ClInclude Include="StoreManager.h">
      <Filter>Header Files</Filter>
    </ClInclude>
  </ItemGroup>
  <ItemGroup>
    <Filter Include="Sourse Files">
      <UniqueIdentifier>{b8555bea-9d11-405c-a147-41db98e4ed5b}</UniqueIdentifier>
    </Filter>
    <Filter Include="Header Files">
      <UniqueIdentifier>{783e44fa-0543-4657-b232-f3da0c4a612e}</UniqueIdentifier>
    </Filter>
  </ItemGroup>
</Project>